
Microsoft Visual Studio Solution File, Format Version 12.00
# Visual Studio Version 16
VisualStudioVersion = 16.0.34031.81
MinimumVisualStudioVersion = 10.0.40219.1
Project("{FAE04EC0-301F-11D3-BF4B-00C04F79EFBC}") = "Metro_Rail", "Metro_Rail\Metro_Rail.csproj", "{341EAFE2-98BF-4920-BE0F-2D8C2A6066DF}"
EndProject
Project("{FAE04EC0-301F-11D3-BF4B-00C04F79EFBC}") = "Metro_Rail_DAL", "Metro_Rail_DAL\Metro_Rail_DAL.csproj", "{9DB4E6D6-7271-4E25-A895-9D1835BAF226}"
EndProject
Global
	GlobalSection(SolutionConfigurationPlatforms) = preSolution
		Debug|Any CPU = Debug|Any CPU
		Release|Any CPU = Release|Any CPU
	EndGlobalSection
	GlobalSection(ProjectConfigurationPlatforms) = postSolution
		{341EAFE2-98BF-4920-BE0F-2D8C2A6066DF}.Debug|Any CPU.ActiveCfg = Debug|Any CPU
		{341EAFE2-98BF-4920-BE0F-2D8C2A6066DF}.Debug|Any CPU.Build.0 = Debug|Any CPU
		{341EAFE2-98BF-4920-BE0F-2D8C2A6066DF}.Release|Any CPU.ActiveCfg = Release|Any CPU
		{341EAFE2-98BF-4920-BE0F-2D8C2A6066DF}.Release|Any CPU.Build.0 = Release|Any CPU
		{9DB4E6D6-7271-4E25-A895-9D1835BAF226}.Debug|Any CPU.ActiveCfg = Debug|Any CPU
		{9DB4E6D6-7271-4E25-A895-9D1835BAF226}.Debug|Any CPU.Build.0 = Debug|Any CPU
		{9DB4E6D6-7271-4E25-A895-9D1835BAF226}.Release|Any CPU.ActiveCfg = Release|Any CPU
		{9DB4E6D6-7271-4E25-A895-9D1835BAF226}.Release|Any CPU.Build.0 = Release|Any CPU
	EndGlobalSection
	GlobalSection(SolutionProperties) = preSolution
		HideSolutionNode = FALSE
	EndGlobalSection
	GlobalSection(ExtensibilityGlobals) = postSolution
		VisualSVNWorkingCopyRoot = .
		SolutionGuid = {5572648D-5248-448F-8D7C-04402C6FB851}
	EndGlobalSection
EndGlobal
